
Microsoft Visual Studio Solution File, Format Version 12.00
Project("{FAE04EC0-301F-11D3-BF4B-00C04F79EFBC}") = "AOC2022", "AOC2022\AOC2022.csproj", "{EABFBC83-508E-4D75-8123-A367B421DF4A}"
EndProject
Project("{FAE04EC0-301F-11D3-BF4B-00C04F79EFBC}") = "Shared", "Shared\Shared.csproj", "{6F785FC9-58A6-42CC-8875-603ECB4D5C63}"
EndProject
Project("{2150E333-8FDC-42A3-9474-1A3956D46DE8}") = "Days", "Days", "{323693F6-C9E4-4F7B-B825-7946428050C7}"
EndProject
Project("{FAE04EC0-301F-11D3-BF4B-00C04F79EFBC}") = "Days2022", "Days\Days2022\Days2022.csproj", "{D3BB03C9-A1CA-430B-9523-4D83D4353737}"
EndProject
Project("{FAE04EC0-301F-11D3-BF4B-00C04F79EFBC}") = "Days2023", "Days\Days2023\Days2023.csproj", "{D0AB886B-F03E-46AF-B9D4-8920C4DB336E}"
EndProject
Project("{FAE04EC0-301F-11D3-BF4B-00C04F79EFBC}") = "Days2024", "Days\Days2024\Days2024.csproj", "{27DA3EE9-5746-47F6-A6A1-218409FB7B1F}"
EndProject
Global
	GlobalSection(SolutionConfigurationPlatforms) = preSolution
		Debug|Any CPU = Debug|Any CPU
		Release|Any CPU = Release|Any CPU
	EndGlobalSection
	GlobalSection(ProjectConfigurationPlatforms) = postSolution
		{EABFBC83-508E-4D75-8123-A367B421DF4A}.Debug|Any CPU.ActiveCfg = Debug|Any CPU
		{EABFBC83-508E-4D75-8123-A367B421DF4A}.Debug|Any CPU.Build.0 = Debug|Any CPU
		{EABFBC83-508E-4D75-8123-A367B421DF4A}.Release|Any CPU.ActiveCfg = Release|Any CPU
		{EABFBC83-508E-4D75-8123-A367B421DF4A}.Release|Any CPU.Build.0 = Release|Any CPU
		{6F785FC9-58A6-42CC-8875-603ECB4D5C63}.Debug|Any CPU.ActiveCfg = Debug|Any CPU
		{6F785FC9-58A6-42CC-8875-603ECB4D5C63}.Debug|Any CPU.Build.0 = Debug|Any CPU
		{6F785FC9-58A6-42CC-8875-603ECB4D5C63}.Release|Any CPU.ActiveCfg = Release|Any CPU
		{6F785FC9-58A6-42CC-8875-603ECB4D5C63}.Release|Any CPU.Build.0 = Release|Any CPU
		{D3BB03C9-A1CA-430B-9523-4D83D4353737}.Debug|Any CPU.ActiveCfg = Debug|Any CPU
		{D3BB03C9-A1CA-430B-9523-4D83D4353737}.Debug|Any CPU.Build.0 = Debug|Any CPU
		{D3BB03C9-A1CA-430B-9523-4D83D4353737}.Release|Any CPU.ActiveCfg = Release|Any CPU
		{D3BB03C9-A1CA-430B-9523-4D83D4353737}.Release|Any CPU.Build.0 = Release|Any CPU
		{D0AB886B-F03E-46AF-B9D4-8920C4DB336E}.Debug|Any CPU.ActiveCfg = Debug|Any CPU
		{D0AB886B-F03E-46AF-B9D4-8920C4DB336E}.Debug|Any CPU.Build.0 = Debug|Any CPU
		{D0AB886B-F03E-46AF-B9D4-8920C4DB336E}.Release|Any CPU.ActiveCfg = Release|Any CPU
		{D0AB886B-F03E-46AF-B9D4-8920C4DB336E}.Release|Any CPU.Build.0 = Release|Any CPU
		{27DA3EE9-5746-47F6-A6A1-218409FB7B1F}.Debug|Any CPU.ActiveCfg = Debug|Any CPU
		{27DA3EE9-5746-47F6-A6A1-218409FB7B1F}.Debug|Any CPU.Build.0 = Debug|Any CPU
		{27DA3EE9-5746-47F6-A6A1-218409FB7B1F}.Release|Any CPU.ActiveCfg = Release|Any CPU
		{27DA3EE9-5746-47F6-A6A1-218409FB7B1F}.Release|Any CPU.Build.0 = Release|Any CPU
	EndGlobalSection
	GlobalSection(NestedProjects) = preSolution
		{D3BB03C9-A1CA-430B-9523-4D83D4353737} = {323693F6-C9E4-4F7B-B825-7946428050C7}
		{D0AB886B-F03E-46AF-B9D4-8920C4DB336E} = {323693F6-C9E4-4F7B-B825-7946428050C7}
		{27DA3EE9-5746-47F6-A6A1-218409FB7B1F} = {323693F6-C9E4-4F7B-B825-7946428050C7}
	EndGlobalSection
EndGlobal
